
Microsoft Visual Studio Solution File, Format Version 12.00
# Visual Studio Version 17
VisualStudioVersion = 17.14.36401.2 d17.14
MinimumVisualStudioVersion = 10.0.40219.1
Project("{FAE04EC0-301F-11D3-BF4B-00C04F79EFBC}") = "ECOMMERCE.API", "ECOMMERCE.API\ECOMMERCE.API.csproj", "{3013DC6E-B4F5-4DA0-885D-2732B2652423}"
EndProject
Project("{FAE04EC0-301F-11D3-BF4B-00C04F79EFBC}") = "ECOMMERCE.CORE", "ECOMMERCE.CORE\ECOMMERCE.CORE.csproj", "{B7858626-158F-4B2D-BF08-5225BAD652FF}"
EndProject
Project("{FAE04EC0-301F-11D3-BF4B-00C04F79EFBC}") = "ECOMMERCE.DATA", "ECOMMERCE.DATA\ECOMMERCE.DATA.csproj", "{884865AE-D21D-4367-BF79-45CF265059F5}"
EndProject
Project("{FAE04EC0-301F-11D3-BF4B-00C04F79EFBC}") = "ViaCep", "ViaCep\ViaCep.csproj", "{B55A74DF-8555-447B-99DE-FA167387A31A}"
EndProject
Project("{FAE04EC0-301F-11D3-BF4B-00C04F79EFBC}") = "Pix", "Pix\Pix.csproj", "{1C349167-FC31-4703-ABA4-1347D0EF7493}"
EndProject
Project("{FAE04EC0-301F-11D3-BF4B-00C04F79EFBC}") = "ECOMMERCE.TESTS", "ECOMMERCE.TESTS\ECOMMERCE.TESTS.csproj", "{E800B1ED-531D-4496-85F3-05946CBF8169}"
EndProject
Global
	GlobalSection(SolutionConfigurationPlatforms) = preSolution
		Debug|Any CPU = Debug|Any CPU
		Release|Any CPU = Release|Any CPU
	EndGlobalSection
	GlobalSection(ProjectConfigurationPlatforms) = postSolution
		{3013DC6E-B4F5-4DA0-885D-2732B2652423}.Debug|Any CPU.ActiveCfg = Debug|Any CPU
		{3013DC6E-B4F5-4DA0-885D-2732B2652423}.Debug|Any CPU.Build.0 = Debug|Any CPU
		{3013DC6E-B4F5-4DA0-885D-2732B2652423}.Release|Any CPU.ActiveCfg = Release|Any CPU
		{3013DC6E-B4F5-4DA0-885D-2732B2652423}.Release|Any CPU.Build.0 = Release|Any CPU
		{B7858626-158F-4B2D-BF08-5225BAD652FF}.Debug|Any CPU.ActiveCfg = Debug|Any CPU
		{B7858626-158F-4B2D-BF08-5225BAD652FF}.Debug|Any CPU.Build.0 = Debug|Any CPU
		{B7858626-158F-4B2D-BF08-5225BAD652FF}.Release|Any CPU.ActiveCfg = Release|Any CPU
		{B7858626-158F-4B2D-BF08-5225BAD652FF}.Release|Any CPU.Build.0 = Release|Any CPU
		{884865AE-D21D-4367-BF79-45CF265059F5}.Debug|Any CPU.ActiveCfg = Debug|Any CPU
		{884865AE-D21D-4367-BF79-45CF265059F5}.Debug|Any CPU.Build.0 = Debug|Any CPU
		{884865AE-D21D-4367-BF79-45CF265059F5}.Release|Any CPU.ActiveCfg = Release|Any CPU
		{884865AE-D21D-4367-BF79-45CF265059F5}.Release|Any CPU.Build.0 = Release|Any CPU
		{B55A74DF-8555-447B-99DE-FA167387A31A}.Debug|Any CPU.ActiveCfg = Debug|Any CPU
		{B55A74DF-8555-447B-99DE-FA167387A31A}.Debug|Any CPU.Build.0 = Debug|Any CPU
		{B55A74DF-8555-447B-99DE-FA167387A31A}.Release|Any CPU.ActiveCfg = Release|Any CPU
		{B55A74DF-8555-447B-99DE-FA167387A31A}.Release|Any CPU.Build.0 = Release|Any CPU
		{1C349167-FC31-4703-ABA4-1347D0EF7493}.Debug|Any CPU.ActiveCfg = Debug|Any CPU
		{1C349167-FC31-4703-ABA4-1347D0EF7493}.Debug|Any CPU.Build.0 = Debug|Any CPU
		{1C349167-FC31-4703-ABA4-1347D0EF7493}.Release|Any CPU.ActiveCfg = Release|Any CPU
		{1C349167-FC31-4703-ABA4-1347D0EF7493}.Release|Any CPU.Build.0 = Release|Any CPU
		{E800B1ED-531D-4496-85F3-05946CBF8169}.Debug|Any CPU.ActiveCfg = Debug|Any CPU
		{E800B1ED-531D-4496-85F3-05946CBF8169}.Debug|Any CPU.Build.0 = Debug|Any CPU
		{E800B1ED-531D-4496-85F3-05946CBF8169}.Release|Any CPU.ActiveCfg = Release|Any CPU
		{E800B1ED-531D-4496-85F3-05946CBF8169}.Release|Any CPU.Build.0 = Release|Any CPU
	EndGlobalSection
	GlobalSection(SolutionProperties) = preSolution
		HideSolutionNode = FALSE
	EndGlobalSection
	GlobalSection(ExtensibilityGlobals) = postSolution
		SolutionGuid = {E8B3D2C5-02F9-4324-95C3-3D46E2D02471}
	EndGlobalSection
EndGlobal
